
Microsoft Visual Studio Solution File, Format Version 12.00
# Visual Studio Version 16
VisualStudioVersion = 16.0.29215.179
MinimumVisualStudioVersion = 10.0.40219.1
Project("{2150E333-8FDC-42A3-9474-1A3956D46DE8}") = "Web", "Web", "{584C3899-D630-4F88-BB9F-E6CEDF543D39}"
EndProject
Project("{9A19103F-16F7-4668-BE54-9A1E7A4F7556}") = "Peaky.Extensions.Web", "Peaky.Extensions.Web\Peaky.Extensions.Web.csproj", "{28D00085-A599-40DA-B7BC-783C3FD87254}"
EndProject
Global
	GlobalSection(SolutionConfigurationPlatforms) = preSolution
		Debug|Any CPU = Debug|Any CPU
		Release|Any CPU = Release|Any CPU
	EndGlobalSection
	GlobalSection(ProjectConfigurationPlatforms) = postSolution
		{28D00085-A599-40DA-B7BC-783C3FD87254}.Debug|Any CPU.ActiveCfg = Debug|Any CPU
		{28D00085-A599-40DA-B7BC-783C3FD87254}.Debug|Any CPU.Build.0 = Debug|Any CPU
		{28D00085-A599-40DA-B7BC-783C3FD87254}.Release|Any CPU.ActiveCfg = Release|Any CPU
		{28D00085-A599-40DA-B7BC-783C3FD87254}.Release|Any CPU.Build.0 = Release|Any CPU
	EndGlobalSection
	GlobalSection(SolutionProperties) = preSolution
		HideSolutionNode = FALSE
	EndGlobalSection
	GlobalSection(NestedProjects) = preSolution
		{28D00085-A599-40DA-B7BC-783C3FD87254} = {584C3899-D630-4F88-BB9F-E6CEDF543D39}
	EndGlobalSection
	GlobalSection(ExtensibilityGlobals) = postSolution
		SolutionGuid = {474BDC3B-792D-41F9-A079-399A683C2F30}
	EndGlobalSection
EndGlobal
